
Microsoft Visual Studio Solution File, Format Version 12.00
# Visual Studio Version 16
VisualStudioVersion = 16.0.34031.81
MinimumVisualStudioVersion = 10.0.40219.1
Project("{FAE04EC0-301F-11D3-BF4B-00C04F79EFBC}") = "API_WebSach", "API_WebSach.csproj", "{EBF00149-A7B9-48E4-BAEC-C15B06890F89}"
EndProject
Global
	GlobalSection(SolutionConfigurationPlatforms) = preSolution
		Debug|Any CPU = Debug|Any CPU
		Release|Any CPU = Release|Any CPU
	EndGlobalSection
	GlobalSection(ProjectConfigurationPlatforms) = postSolution
		{EBF00149-A7B9-48E4-BAEC-C15B06890F89}.Debug|Any CPU.ActiveCfg = Debug|Any CPU
		{EBF00149-A7B9-48E4-BAEC-C15B06890F89}.Debug|Any CPU.Build.0 = Debug|Any CPU
		{EBF00149-A7B9-48E4-BAEC-C15B06890F89}.Release|Any CPU.ActiveCfg = Release|Any CPU
		{EBF00149-A7B9-48E4-BAEC-C15B06890F89}.Release|Any CPU.Build.0 = Release|Any CPU
	EndGlobalSection
	GlobalSection(SolutionProperties) = preSolution
		HideSolutionNode = FALSE
	EndGlobalSection
	GlobalSection(ExtensibilityGlobals) = postSolution
		SolutionGuid = {30CC84A3-4CD9-485E-A555-6A6F6A331A22}
	EndGlobalSection
EndGlobal
